{
  "version": 4,
  "terraform_version": "1.13.4",
  "serial": 47,
  "lineage": "80fffa3c-0cb3-7ad2-0312-c090861e07b1",
  "outputs": {},
  "resources": [
    {
      "mode": "data",
      "type": "archive_file",
      "name": "lambda_zip",
      "provider": "provider[\"registry.terraform.io/hashicorp/archive\"]",
      "instances": [
        {
          "schema_version": 0,
          "attributes": {
            "exclude_symlink_directories": null,
            "excludes": null,
            "id": "151f1cdc216cb67815f34c8bf90d190eebe0ee89",
            "output_base64sha256": "pHEQIw2VPDFng/okpFty1FivAgSJVfoKMcngulUdcIA=",
            "output_base64sha512": "g8l48LuTsUmeeGfzDSpS/pdxaaMdBpjrrsYaFbhvWPSpGNKQ0HP20hwxDxtxomJ+79OkPDsB8+NjN55AMMKtOw==",
            "output_file_mode": null,
            "output_md5": "1de47485b3ee4cb4c7d3bb9115037368",
            "output_path": "./../lambda/counter_func.zip",
            "output_sha": "151f1cdc216cb67815f34c8bf90d190eebe0ee89",
            "output_sha256": "a47110230d953c316783fa24a45b72d458af02048955fa0a31c9e0ba551d7080",
            "output_sha512": "83c978f0bb93b1499e7867f30d2a52fe977169a31d0698ebaec61a15b86f58f4a918d290d073f6d21c310f1b71a2627eefd3a43c3b01f3e363379e4030c2ad3b",
            "output_size": 393,
            "source": [],
            "source_content": null,
            "source_content_filename": null,
            "source_dir": null,
            "source_file": "./../lambda/lambdaFunc.py",
            "type": "zip"
          },
          "sensitive_attributes": [],
          "identity_schema_version": 0
        }
      ]
    },
    {
      "mode": "managed",
      "type": "aws_dynamodb_table",
      "name": "cloud-resume",
      "provider": "provider[\"registry.terraform.io/hashicorp/aws\"]",
      "instances": [
        {
          "schema_version": 1,
          "attributes": {
            "arn": "arn:aws:dynamodb:us-east-1:357078656374:table/cloud-resume",
            "attribute": [
              {
                "name": "id",
                "type": "S"
              }
            ],
            "billing_mode": "PROVISIONED",
            "deletion_protection_enabled": false,
            "global_secondary_index": [],
            "hash_key": "id",
            "id": "arn:aws:dynamodb:us-east-1:357078656374:table/cloud-resume",
            "import_table": [],
            "local_secondary_index": [],
            "name": "cloud-resume",
            "on_demand_throughput": [],
            "point_in_time_recovery": [
              {
                "enabled": false,
                "recovery_period_in_days": 0
              }
            ],
            "range_key": null,
            "read_capacity": 20,
            "replica": [],
            "restore_date_time": null,
            "restore_source_name": null,
            "restore_source_table_arn": null,
            "restore_to_latest_time": null,
            "server_side_encryption": [],
            "stream_arn": "",
            "stream_enabled": false,
            "stream_label": "",
            "stream_view_type": "",
            "table_class": "STANDARD",
            "tags": {},
            "tags_all": {},
            "timeouts": null,
            "ttl": [
              {
                "attribute_name": "",
                "enabled": false
              }
            ],
            "write_capacity": 20
          },
          "sensitive_attributes": [],
          "identity_schema_version": 0,
          "private": "eyJlMmJmYjczMC1lY2FhLTExZTYtOGY4OC0zNDM2M2JjN2M0YzAiOnsiY3JlYXRlIjoxODAwMDAwMDAwMDAwLCJkZWxldGUiOjYwMDAwMDAwMDAwMCwidXBkYXRlIjozNjAwMDAwMDAwMDAwfSwic2NoZW1hX3ZlcnNpb24iOiIxIn0="
        }
      ]
    },
    {
      "mode": "managed",
      "type": "aws_iam_policy",
      "name": "dynamoDBLambdaPolicy_resume",
      "provider": "provider[\"registry.terraform.io/hashicorp/aws\"]",
      "instances": [
        {
          "schema_version": 0,
          "attributes": {
            "arn": "arn:aws:iam::357078656374:policy/dynamoDBLambdaPolicy_resume",
            "attachment_count": 1,
            "description": "iam Policy for dynamoDB and lambda",
            "id": "arn:aws:iam::357078656374:policy/dynamoDBLambdaPolicy_resume",
            "name": "dynamoDBLambdaPolicy_resume",
            "name_prefix": "",
            "path": "/",
            "policy": "{\"Statement\":[{\"Action\":[\"logs: CreateLogGroup\",\"logs: CreateLogStream\",\"logs: PutLogEvents\"],\"Effect\":\"Allow\",\"Resource\":\"arn:aws:logs:*:*:*\"},{\"Action\":[\"dynamodb:UpdateItem\",\"dynamodb:GetItem\",\"dynamodb:PutItem\"],\"Effect\":\"Allow\",\"Resource\":\"arn:aws:dynamodb:*:*:table/cloud-resume\"}],\"Version\":\"2012-10-17\"}",
            "policy_id": "ANPAVGI4L4V3IM44V2Q3D",
            "tags": {},
            "tags_all": {}
          },
          "sensitive_attributes": [],
          "identity_schema_version": 0,
          "private": "bnVsbA=="
        }
      ]
    },
    {
      "mode": "managed",
      "type": "aws_iam_role",
      "name": "lambdaRole_resume",
      "provider": "provider[\"registry.terraform.io/hashicorp/aws\"]",
      "instances": [
        {
          "schema_version": 0,
          "attributes": {
            "arn": "arn:aws:iam::357078656374:role/lambdaRole_resume",
            "assume_role_policy": "{\"Statement\":[{\"Action\":\"sts:AssumeRole\",\"Effect\":\"Allow\",\"Principal\":{\"Service\":\"lambda.amazonaws.com\"},\"Sid\":\"\"}],\"Version\":\"2012-10-17\"}",
            "create_date": "2025-10-21T12:33:05Z",
            "description": "",
            "force_detach_policies": false,
            "id": "lambdaRole_resume",
            "inline_policy": [],
            "managed_policy_arns": [
              "arn:aws:iam::357078656374:policy/dynamoDBLambdaPolicy_resume"
            ],
            "max_session_duration": 3600,
            "name": "lambdaRole_resume",
            "name_prefix": "",
            "path": "/",
            "permissions_boundary": "",
            "tags": {},
            "tags_all": {},
            "unique_id": "AROAVGI4L4V3CMA7DHDET"
          },
          "sensitive_attributes": [],
          "identity_schema_version": 0,
          "private": "bnVsbA=="
        }
      ]
    },
    {
      "mode": "managed",
      "type": "aws_iam_role_policy_attachment",
      "name": "lambdaPolicy_attachment",
      "provider": "provider[\"registry.terraform.io/hashicorp/aws\"]",
      "instances": [
        {
          "schema_version": 0,
          "attributes": {
            "id": "lambdaRole_resume-20251021131616483600000001",
            "policy_arn": "arn:aws:iam::357078656374:policy/dynamoDBLambdaPolicy_resume",
            "role": "lambdaRole_resume"
          },
          "sensitive_attributes": [],
          "identity_schema_version": 0,
          "private": "bnVsbA==",
          "dependencies": [
            "aws_iam_policy.dynamoDBLambdaPolicy_resume",
            "aws_iam_role.lambdaRole_resume"
          ]
        }
      ]
    },
    {
      "mode": "managed",
      "type": "aws_lambda_function",
      "name": "cloudResumeCounter",
      "provider": "provider[\"registry.terraform.io/hashicorp/aws\"]",
      "instances": [
        {
          "schema_version": 0,
          "attributes": {
            "architectures": [
              "x86_64"
            ],
            "arn": "arn:aws:lambda:us-east-1:357078656374:function:cloudResumeCounter",
            "code_sha256": "+eymcELUmX/7LCLm7WAuRzcTwZwDyapEtrwC0UI7UUw=",
            "code_signing_config_arn": "",
            "dead_letter_config": [],
            "description": "",
            "environment": [],
            "ephemeral_storage": [
              {
                "size": 512
              }
            ],
            "file_system_config": [],
            "filename": "./../lambda/counter_func.zip",
            "function_name": "cloudResumeCounter",
            "handler": "lambdaFunc.lambda_handler",
            "id": "cloudResumeCounter",
            "image_config": [],
            "image_uri": "",
            "invoke_arn": "arn:aws:apigateway:us-east-1:lambda:path/2015-03-31/functions/arn:aws:lambda:us-east-1:357078656374:function:cloudResumeCounter/invocations",
            "kms_key_arn": "",
            "last_modified": "2025-10-21T16:36:32.000+0000",
            "layers": [],
            "logging_config": [
              {
                "application_log_level": "",
                "log_format": "Text",
                "log_group": "/aws/lambda/cloudResumeCounter",
                "system_log_level": ""
              }
            ],
            "memory_size": 128,
            "package_type": "Zip",
            "publish": false,
            "qualified_arn": "arn:aws:lambda:us-east-1:357078656374:function:cloudResumeCounter:$LATEST",
            "qualified_invoke_arn": "arn:aws:apigateway:us-east-1:lambda:path/2015-03-31/functions/arn:aws:lambda:us-east-1:357078656374:function:cloudResumeCounter:$LATEST/invocations",
            "replace_security_groups_on_destroy": null,
            "replacement_security_group_ids": null,
            "reserved_concurrent_executions": -1,
            "role": "arn:aws:iam::357078656374:role/lambdaRole_resume",
            "runtime": "python3.12",
            "s3_bucket": null,
            "s3_key": null,
            "s3_object_version": null,
            "signing_job_arn": "",
            "signing_profile_version_arn": "",
            "skip_destroy": false,
            "snap_start": [],
            "source_code_hash": "pHEQIw2VPDFng/okpFty1FivAgSJVfoKMcngulUdcIA=",
            "source_code_size": 356,
            "tags": {},
            "tags_all": {},
            "timeout": 3,
            "timeouts": null,
            "tracing_config": [
              {
                "mode": "PassThrough"
              }
            ],
            "version": "$LATEST",
            "vpc_config": []
          },
          "sensitive_attributes": [],
          "identity_schema_version": 0,
          "private": "eyJlMmJmYjczMC1lY2FhLTExZTYtOGY4OC0zNDM2M2JjN2M0YzAiOnsiY3JlYXRlIjo2MDAwMDAwMDAwMDAsImRlbGV0ZSI6NjAwMDAwMDAwMDAwLCJ1cGRhdGUiOjYwMDAwMDAwMDAwMH19",
          "dependencies": [
            "aws_iam_role.lambdaRole_resume",
            "data.archive_file.lambda_zip"
          ]
        }
      ]
    },
    {
      "mode": "managed",
      "type": "aws_lambda_function_url",
      "name": "resumeViewCounter_functionURL",
      "provider": "provider[\"registry.terraform.io/hashicorp/aws\"]",
      "instances": [
        {
          "schema_version": 0,
          "attributes": {
            "authorization_type": "NONE",
            "cors": [],
            "function_arn": "arn:aws:lambda:us-east-1:357078656374:function:cloudResumeCounter",
            "function_name": "cloudResumeCounter",
            "function_url": "https://63gssidtxziifq7hawrd7n326a0airnk.lambda-url.us-east-1.on.aws/",
            "id": "cloudResumeCounter",
            "invoke_mode": "BUFFERED",
            "qualifier": "",
            "timeouts": null,
            "url_id": "63gssidtxziifq7hawrd7n326a0airnk"
          },
          "sensitive_attributes": [],
          "identity_schema_version": 0,
          "private": "eyJlMmJmYjczMC1lY2FhLTExZTYtOGY4OC0zNDM2M2JjN2M0YzAiOnsiY3JlYXRlIjo2MDAwMDAwMDAwMDB9fQ==",
          "dependencies": [
            "aws_iam_role.lambdaRole_resume",
            "aws_lambda_function.cloudResumeCounter",
            "data.archive_file.lambda_zip"
          ]
        }
      ]
    }
  ],
  "check_results": null
}
